
Microsoft Visual Studio Solution File, Format Version 12.00
# Visual Studio 15
VisualStudioVersion = 15.0.28307.438
MinimumVisualStudioVersion = 10.0.40219.1
Project("{9A19103F-16F7-4668-BE54-9A1E7A4F7556}") = "LINQBasics", "LINQBasics\LINQBasics.csproj", "{887B7500-5FF9-41DE-9075-A5316C34F492}"
EndProject
Project("{9A19103F-16F7-4668-BE54-9A1E7A4F7556}") = "test", "test\test.csproj", "{B3DC834E-1A1C-4A1A-AC60-D4C30A066AFA}"
EndProject
Global
	GlobalSection(SolutionConfigurationPlatforms) = preSolution
		Debug|Any CPU = Debug|Any CPU
		Release|Any CPU = Release|Any CPU
	EndGlobalSection
	GlobalSection(ProjectConfigurationPlatforms) = postSolution
		{887B7500-5FF9-41DE-9075-A5316C34F492}.Debug|Any CPU.ActiveCfg = Debug|Any CPU
		{887B7500-5FF9-41DE-9075-A5316C34F492}.Debug|Any CPU.Build.0 = Debug|Any CPU
		{887B7500-5FF9-41DE-9075-A5316C34F492}.Release|Any CPU.ActiveCfg = Release|Any CPU
		{887B7500-5FF9-41DE-9075-A5316C34F492}.Release|Any CPU.Build.0 = Release|Any CPU
		{B3DC834E-1A1C-4A1A-AC60-D4C30A066AFA}.Debug|Any CPU.ActiveCfg = Debug|Any CPU
		{B3DC834E-1A1C-4A1A-AC60-D4C30A066AFA}.Debug|Any CPU.Build.0 = Debug|Any CPU
		{B3DC834E-1A1C-4A1A-AC60-D4C30A066AFA}.Release|Any CPU.ActiveCfg = Release|Any CPU
		{B3DC834E-1A1C-4A1A-AC60-D4C30A066AFA}.Release|Any CPU.Build.0 = Release|Any CPU
	EndGlobalSection
	GlobalSection(SolutionProperties) = preSolution
		HideSolutionNode = FALSE
	EndGlobalSection
	GlobalSection(ExtensibilityGlobals) = postSolution
		SolutionGuid = {13AE3E45-5596-4831-9433-4D2B41F18407}
	EndGlobalSection
EndGlobal
